
Microsoft Visual Studio Solution File, Format Version 12.00
# Visual Studio Version 16
VisualStudioVersion = 16.0.30204.135
MinimumVisualStudioVersion = 10.0.40219.1
Project("{FAE04EC0-301F-11D3-BF4B-00C04F79EFBC}") = "Transaccion", "Transaccion\Transaccion.csproj", "{7523866E-9AA4-4DD0-BDE9-56BAE6AA344C}"
EndProject
Global
	GlobalSection(SolutionConfigurationPlatforms) = preSolution
		Debug|Any CPU = Debug|Any CPU
		Release|Any CPU = Release|Any CPU
	EndGlobalSection
	GlobalSection(ProjectConfigurationPlatforms) = postSolution
		{7523866E-9AA4-4DD0-BDE9-56BAE6AA344C}.Debug|Any CPU.ActiveCfg = Debug|Any CPU
		{7523866E-9AA4-4DD0-BDE9-56BAE6AA344C}.Debug|Any CPU.Build.0 = Debug|Any CPU
		{7523866E-9AA4-4DD0-BDE9-56BAE6AA344C}.Release|Any CPU.ActiveCfg = Release|Any CPU
		{7523866E-9AA4-4DD0-BDE9-56BAE6AA344C}.Release|Any CPU.Build.0 = Release|Any CPU
	EndGlobalSection
	GlobalSection(SolutionProperties) = preSolution
		HideSolutionNode = FALSE
	EndGlobalSection
	GlobalSection(ExtensibilityGlobals) = postSolution
		SolutionGuid = {B73FC6F8-CB8E-4529-B52D-3AE906F6E564}
	EndGlobalSection
EndGlobal
